Microsoft Visual Studio Solution File, Format Version 12.00
# Visual Studio Version 17
VisualStudioVersion = 17.5.2.0
MinimumVisualStudioVersion = 10.0.40219.1
Project("{FAE04EC0-301F-11D3-BF4B-00C04F79EFBC}") = "FileCollab.Api", "FileCollab.Api.csproj", "{F26B844E-9C9C-82B3-AD35-82A2D1B8225A}"
EndProject
Global
	GlobalSection(SolutionConfigurationPlatforms) = preSolution
		Debug|Any CPU = Debug|Any CPU
		Release|Any CPU = Release|Any CPU
	EndGlobalSection
	GlobalSection(ProjectConfigurationPlatforms) = postSolution
		{F26B844E-9C9C-82B3-AD35-82A2D1B8225A}.Debug|Any CPU.ActiveCfg = Debug|Any CPU
		{F26B844E-9C9C-82B3-AD35-82A2D1B8225A}.Debug|Any CPU.Build.0 = Debug|Any CPU
		{F26B844E-9C9C-82B3-AD35-82A2D1B8225A}.Release|Any CPU.ActiveCfg = Release|Any CPU
		{F26B844E-9C9C-82B3-AD35-82A2D1B8225A}.Release|Any CPU.Build.0 = Release|Any CPU
	EndGlobalSection
	GlobalSection(SolutionProperties) = preSolution
		HideSolutionNode = FALSE
	EndGlobalSection
	GlobalSection(ExtensibilityGlobals) = postSolution
		SolutionGuid = {C12D7B98-B1C5-4B8D-9366-BF374D931EE8}
	EndGlobalSection
EndGlobal
